
Microsoft Visual Studio Solution File, Format Version 12.00
# Visual Studio Version 16
VisualStudioVersion = 16.0.29324.140
MinimumVisualStudioVersion = 10.0.40219.1
Project("{FAE04EC0-301F-11D3-BF4B-00C04F79EFBC}") = "MVCAJAX", "MVCAJAX\MVCAJAX.csproj", "{1270F86B-0C22-43CE-9350-8BBDD3869216}"
EndProject
Project("{FAE04EC0-301F-11D3-BF4B-00C04F79EFBC}") = "Domain", "Domain\Domain.csproj", "{1DFD64EE-7949-4FCF-964E-3966DA49201C}"
EndProject
Project("{FAE04EC0-301F-11D3-BF4B-00C04F79EFBC}") = "Infraestructure", "Infraestructure\Infraestructure.csproj", "{B6222919-BB36-4BB5-8F74-D7EA2D64E937}"
EndProject
Project("{FAE04EC0-301F-11D3-BF4B-00C04F79EFBC}") = "Service", "Service\Service.csproj", "{DA5BB850-ED2C-4BE9-A69D-BAA93CAC584B}"
EndProject
Global
	GlobalSection(SolutionConfigurationPlatforms) = preSolution
		Debug|Any CPU = Debug|Any CPU
		Release|Any CPU = Release|Any CPU
	EndGlobalSection
	GlobalSection(ProjectConfigurationPlatforms) = postSolution
		{1270F86B-0C22-43CE-9350-8BBDD3869216}.Debug|Any CPU.ActiveCfg = Debug|Any CPU
		{1270F86B-0C22-43CE-9350-8BBDD3869216}.Debug|Any CPU.Build.0 = Debug|Any CPU
		{1270F86B-0C22-43CE-9350-8BBDD3869216}.Release|Any CPU.ActiveCfg = Release|Any CPU
		{1270F86B-0C22-43CE-9350-8BBDD3869216}.Release|Any CPU.Build.0 = Release|Any CPU
		{1DFD64EE-7949-4FCF-964E-3966DA49201C}.Debug|Any CPU.ActiveCfg = Debug|Any CPU
		{1DFD64EE-7949-4FCF-964E-3966DA49201C}.Debug|Any CPU.Build.0 = Debug|Any CPU
		{1DFD64EE-7949-4FCF-964E-3966DA49201C}.Release|Any CPU.ActiveCfg = Release|Any CPU
		{1DFD64EE-7949-4FCF-964E-3966DA49201C}.Release|Any CPU.Build.0 = Release|Any CPU
		{B6222919-BB36-4BB5-8F74-D7EA2D64E937}.Debug|Any CPU.ActiveCfg = Debug|Any CPU
		{B6222919-BB36-4BB5-8F74-D7EA2D64E937}.Debug|Any CPU.Build.0 = Debug|Any CPU
		{B6222919-BB36-4BB5-8F74-D7EA2D64E937}.Release|Any CPU.ActiveCfg = Release|Any CPU
		{B6222919-BB36-4BB5-8F74-D7EA2D64E937}.Release|Any CPU.Build.0 = Release|Any CPU
		{DA5BB850-ED2C-4BE9-A69D-BAA93CAC584B}.Debug|Any CPU.ActiveCfg = Debug|Any CPU
		{DA5BB850-ED2C-4BE9-A69D-BAA93CAC584B}.Debug|Any CPU.Build.0 = Debug|Any CPU
		{DA5BB850-ED2C-4BE9-A69D-BAA93CAC584B}.Release|Any CPU.ActiveCfg = Release|Any CPU
		{DA5BB850-ED2C-4BE9-A69D-BAA93CAC584B}.Release|Any CPU.Build.0 = Release|Any CPU
	EndGlobalSection
	GlobalSection(SolutionProperties) = preSolution
		HideSolutionNode = FALSE
	EndGlobalSection
	GlobalSection(ExtensibilityGlobals) = postSolution
		SolutionGuid = {7F2ECF0E-9518-4496-BA4B-427B178B14B6}
	EndGlobalSection
EndGlobal
